
Microsoft Visual Studio Solution File, Format Version 12.00
# Visual Studio Version 17
VisualStudioVersion = 17.6.33815.320
MinimumVisualStudioVersion = 10.0.40219.1
Project("{9A19103F-16F7-4668-BE54-9A1E7A4F7556}") = "E_Commerce_API", "E_Commerce_API\E_Commerce_API.csproj", "{9216580E-D9DF-446E-864F-FD93B43F71D1}"
EndProject
Project("{9A19103F-16F7-4668-BE54-9A1E7A4F7556}") = "E_Commerce_Entity", "E_Commerce_Entity\E_Commerce_Entity.csproj", "{98A31090-1D93-44D9-AED6-29A10067E2DC}"
EndProject
Project("{9A19103F-16F7-4668-BE54-9A1E7A4F7556}") = "E_Commerce_DataAccess", "E_Commerce_DataAccess\E_Commerce_DataAccess.csproj", "{785F92DB-150F-4EF7-B053-9C8A69F6C0E4}"
EndProject
Project("{9A19103F-16F7-4668-BE54-9A1E7A4F7556}") = "E_Commerce_Core", "E_Commerce_Core\E_Commerce_Core.csproj", "{4DB4CBA7-8009-45ED-B39D-1E8793825BCE}"
EndProject
Project("{9A19103F-16F7-4668-BE54-9A1E7A4F7556}") = "E_Commerce_Business", "E_Commerce_Business\E_Commerce_Business.csproj", "{060E6C52-CFEB-415A-A88F-E8C5FF046DBE}"
EndProject
Project("{2150E333-8FDC-42A3-9474-1A3956D46DE8}") = "Solution Items", "Solution Items", "{8B67A52D-4CB5-4DBF-94E2-D532C79844E9}"
	ProjectSection(SolutionItems) = preProject
		Used_Technologies.txt = Used_Technologies.txt
	EndProjectSection
EndProject
Project("{2150E333-8FDC-42A3-9474-1A3956D46DE8}") = "MicroServices", "MicroServices", "{818E05C7-77E3-4204-B8F5-5625632485B7}"
EndProject
Project("{2150E333-8FDC-42A3-9474-1A3956D46DE8}") = "Services", "Services", "{B03EFB61-923E-42F2-B34F-B461796602A3}"
EndProject
Project("{2150E333-8FDC-42A3-9474-1A3956D46DE8}") = "UnitTest", "UnitTest", "{150B50A9-3A2C-414A-AD69-57D0A5FD4E62}"
EndProject
Project("{9A19103F-16F7-4668-BE54-9A1E7A4F7556}") = "MicroServices.Data", "MicroServices.Data\MicroServices.Data.csproj", "{31B545C3-449F-4C7D-A544-61A5C04B7A5A}"
EndProject
Project("{9A19103F-16F7-4668-BE54-9A1E7A4F7556}") = "Auth.Api", "Auth.Api\Auth.Api.csproj", "{4CC4F6EC-C9F0-4B44-B340-BD7906F13ABE}"
EndProject
Project("{9A19103F-16F7-4668-BE54-9A1E7A4F7556}") = "OcelotApiGateway", "OcelotApiGateway\OcelotApiGateway.csproj", "{B4AD2793-0170-455C-8D42-A2DBB3CAF880}"
EndProject
Project("{9A19103F-16F7-4668-BE54-9A1E7A4F7556}") = "JwtTokenAuthentication", "JwtTokenAuthentication\JwtTokenAuthentication.csproj", "{82E1B729-4A9B-4D3F-A723-91356C32AC2F}"
EndProject
Project("{9A19103F-16F7-4668-BE54-9A1E7A4F7556}") = "Shoes.Api", "Shoes.Api\Shoes.Api.csproj", "{501B05F1-142D-42BE-95CA-D1185FD51D23}"
EndProject
Project("{9A19103F-16F7-4668-BE54-9A1E7A4F7556}") = "AuthApi.Tests", "AuthApi.Tests\AuthApi.Tests.csproj", "{332E9149-21D0-46EC-88F1-B4939FE839B5}"
EndProject
Project("{9A19103F-16F7-4668-BE54-9A1E7A4F7556}") = "ShoeApi.Tests", "ShoeApi.Tests\ShoeApi.Tests.csproj", "{83C01E33-7647-4653-AD09-588B3D42DE33}"
EndProject
Project("{2150E333-8FDC-42A3-9474-1A3956D46DE8}") = "ElasticSearch", "ElasticSearch", "{1422D9E3-CCB2-4B1A-8FA9-8F6F9D3D086E}"
EndProject
Project("{9A19103F-16F7-4668-BE54-9A1E7A4F7556}") = "E_S_Crud.Api", "E_S_Crud.Api\E_S_Crud.Api.csproj", "{28CB6B51-CA2B-4682-A22A-AC4C5E235298}"
EndProject
Project("{2150E333-8FDC-42A3-9474-1A3956D46DE8}") = "MongoDb", "MongoDb", "{4EC91CA1-0B24-4E61-8E50-B47A908BB503}"
EndProject
Project("{2150E333-8FDC-42A3-9474-1A3956D46DE8}") = "Dapper", "Dapper", "{8DB2CD96-54CE-42CC-A955-5C9606BBAEA0}"
EndProject
Project("{FAE04EC0-301F-11D3-BF4B-00C04F79EFBC}") = "Dapper_Basic_Api", "Dapper_Basic_Api\Dapper_Basic_Api.csproj", "{BA151819-5473-42F0-8048-DCECB96C3080}"
EndProject
Global
	GlobalSection(SolutionConfigurationPlatforms) = preSolution
		Debug|Any CPU = Debug|Any CPU
		Release|Any CPU = Release|Any CPU
	EndGlobalSection
	GlobalSection(ProjectConfigurationPlatforms) = postSolution
		{9216580E-D9DF-446E-864F-FD93B43F71D1}.Debug|Any CPU.ActiveCfg = Debug|Any CPU
		{9216580E-D9DF-446E-864F-FD93B43F71D1}.Debug|Any CPU.Build.0 = Debug|Any CPU
		{9216580E-D9DF-446E-864F-FD93B43F71D1}.Release|Any CPU.ActiveCfg = Release|Any CPU
		{9216580E-D9DF-446E-864F-FD93B43F71D1}.Release|Any CPU.Build.0 = Release|Any CPU
		{98A31090-1D93-44D9-AED6-29A10067E2DC}.Debug|Any CPU.ActiveCfg = Debug|Any CPU
		{98A31090-1D93-44D9-AED6-29A10067E2DC}.Debug|Any CPU.Build.0 = Debug|Any CPU
		{98A31090-1D93-44D9-AED6-29A10067E2DC}.Release|Any CPU.ActiveCfg = Release|Any CPU
		{98A31090-1D93-44D9-AED6-29A10067E2DC}.Release|Any CPU.Build.0 = Release|Any CPU
		{785F92DB-150F-4EF7-B053-9C8A69F6C0E4}.Debug|Any CPU.ActiveCfg = Debug|Any CPU
		{785F92DB-150F-4EF7-B053-9C8A69F6C0E4}.Debug|Any CPU.Build.0 = Debug|Any CPU
		{785F92DB-150F-4EF7-B053-9C8A69F6C0E4}.Release|Any CPU.ActiveCfg = Release|Any CPU
		{785F92DB-150F-4EF7-B053-9C8A69F6C0E4}.Release|Any CPU.Build.0 = Release|Any CPU
		{4DB4CBA7-8009-45ED-B39D-1E8793825BCE}.Debug|Any CPU.ActiveCfg = Debug|Any CPU
		{4DB4CBA7-8009-45ED-B39D-1E8793825BCE}.Debug|Any CPU.Build.0 = Debug|Any CPU
		{4DB4CBA7-8009-45ED-B39D-1E8793825BCE}.Release|Any CPU.ActiveCfg = Release|Any CPU
		{4DB4CBA7-8009-45ED-B39D-1E8793825BCE}.Release|Any CPU.Build.0 = Release|Any CPU
		{060E6C52-CFEB-415A-A88F-E8C5FF046DBE}.Debug|Any CPU.ActiveCfg = Debug|Any CPU
		{060E6C52-CFEB-415A-A88F-E8C5FF046DBE}.Debug|Any CPU.Build.0 = Debug|Any CPU
		{060E6C52-CFEB-415A-A88F-E8C5FF046DBE}.Release|Any CPU.ActiveCfg = Release|Any CPU
		{060E6C52-CFEB-415A-A88F-E8C5FF046DBE}.Release|Any CPU.Build.0 = Release|Any CPU
		{31B545C3-449F-4C7D-A544-61A5C04B7A5A}.Debug|Any CPU.ActiveCfg = Debug|Any CPU
		{31B545C3-449F-4C7D-A544-61A5C04B7A5A}.Debug|Any CPU.Build.0 = Debug|Any CPU
		{31B545C3-449F-4C7D-A544-61A5C04B7A5A}.Release|Any CPU.ActiveCfg = Release|Any CPU
		{31B545C3-449F-4C7D-A544-61A5C04B7A5A}.Release|Any CPU.Build.0 = Release|Any CPU
		{4CC4F6EC-C9F0-4B44-B340-BD7906F13ABE}.Debug|Any CPU.ActiveCfg = Debug|Any CPU
		{4CC4F6EC-C9F0-4B44-B340-BD7906F13ABE}.Debug|Any CPU.Build.0 = Debug|Any CPU
		{4CC4F6EC-C9F0-4B44-B340-BD7906F13ABE}.Release|Any CPU.ActiveCfg = Release|Any CPU
		{4CC4F6EC-C9F0-4B44-B340-BD7906F13ABE}.Release|Any CPU.Build.0 = Release|Any CPU
		{B4AD2793-0170-455C-8D42-A2DBB3CAF880}.Debug|Any CPU.ActiveCfg = Debug|Any CPU
		{B4AD2793-0170-455C-8D42-A2DBB3CAF880}.Debug|Any CPU.Build.0 = Debug|Any CPU
		{B4AD2793-0170-455C-8D42-A2DBB3CAF880}.Release|Any CPU.ActiveCfg = Release|Any CPU
		{B4AD2793-0170-455C-8D42-A2DBB3CAF880}.Release|Any CPU.Build.0 = Release|Any CPU
		{82E1B729-4A9B-4D3F-A723-91356C32AC2F}.Debug|Any CPU.ActiveCfg = Debug|Any CPU
		{82E1B729-4A9B-4D3F-A723-91356C32AC2F}.Debug|Any CPU.Build.0 = Debug|Any CPU
		{82E1B729-4A9B-4D3F-A723-91356C32AC2F}.Release|Any CPU.ActiveCfg = Release|Any CPU
		{82E1B729-4A9B-4D3F-A723-91356C32AC2F}.Release|Any CPU.Build.0 = Release|Any CPU
		{501B05F1-142D-42BE-95CA-D1185FD51D23}.Debug|Any CPU.ActiveCfg = Debug|Any CPU
		{501B05F1-142D-42BE-95CA-D1185FD51D23}.Debug|Any CPU.Build.0 = Debug|Any CPU
		{501B05F1-142D-42BE-95CA-D1185FD51D23}.Release|Any CPU.ActiveCfg = Release|Any CPU
		{501B05F1-142D-42BE-95CA-D1185FD51D23}.Release|Any CPU.Build.0 = Release|Any CPU
		{332E9149-21D0-46EC-88F1-B4939FE839B5}.Debug|Any CPU.ActiveCfg = Debug|Any CPU
		{332E9149-21D0-46EC-88F1-B4939FE839B5}.Debug|Any CPU.Build.0 = Debug|Any CPU
		{332E9149-21D0-46EC-88F1-B4939FE839B5}.Release|Any CPU.ActiveCfg = Release|Any CPU
		{332E9149-21D0-46EC-88F1-B4939FE839B5}.Release|Any CPU.Build.0 = Release|Any CPU
		{83C01E33-7647-4653-AD09-588B3D42DE33}.Debug|Any CPU.ActiveCfg = Debug|Any CPU
		{83C01E33-7647-4653-AD09-588B3D42DE33}.Debug|Any CPU.Build.0 = Debug|Any CPU
		{83C01E33-7647-4653-AD09-588B3D42DE33}.Release|Any CPU.ActiveCfg = Release|Any CPU
		{83C01E33-7647-4653-AD09-588B3D42DE33}.Release|Any CPU.Build.0 = Release|Any CPU
		{28CB6B51-CA2B-4682-A22A-AC4C5E235298}.Debug|Any CPU.ActiveCfg = Debug|Any CPU
		{28CB6B51-CA2B-4682-A22A-AC4C5E235298}.Debug|Any CPU.Build.0 = Debug|Any CPU
		{28CB6B51-CA2B-4682-A22A-AC4C5E235298}.Release|Any CPU.ActiveCfg = Release|Any CPU
		{28CB6B51-CA2B-4682-A22A-AC4C5E235298}.Release|Any CPU.Build.0 = Release|Any CPU
		{BA151819-5473-42F0-8048-DCECB96C3080}.Debug|Any CPU.ActiveCfg = Debug|Any CPU
		{BA151819-5473-42F0-8048-DCECB96C3080}.Debug|Any CPU.Build.0 = Debug|Any CPU
		{BA151819-5473-42F0-8048-DCECB96C3080}.Release|Any CPU.ActiveCfg = Release|Any CPU
		{BA151819-5473-42F0-8048-DCECB96C3080}.Release|Any CPU.Build.0 = Release|Any CPU
	EndGlobalSection
	GlobalSection(SolutionProperties) = preSolution
		HideSolutionNode = FALSE
	EndGlobalSection
	GlobalSection(NestedProjects) = preSolution
		{B03EFB61-923E-42F2-B34F-B461796602A3} = {818E05C7-77E3-4204-B8F5-5625632485B7}
		{150B50A9-3A2C-414A-AD69-57D0A5FD4E62} = {818E05C7-77E3-4204-B8F5-5625632485B7}
		{31B545C3-449F-4C7D-A544-61A5C04B7A5A} = {B03EFB61-923E-42F2-B34F-B461796602A3}
		{4CC4F6EC-C9F0-4B44-B340-BD7906F13ABE} = {B03EFB61-923E-42F2-B34F-B461796602A3}
		{B4AD2793-0170-455C-8D42-A2DBB3CAF880} = {B03EFB61-923E-42F2-B34F-B461796602A3}
		{82E1B729-4A9B-4D3F-A723-91356C32AC2F} = {B03EFB61-923E-42F2-B34F-B461796602A3}
		{501B05F1-142D-42BE-95CA-D1185FD51D23} = {B03EFB61-923E-42F2-B34F-B461796602A3}
		{332E9149-21D0-46EC-88F1-B4939FE839B5} = {150B50A9-3A2C-414A-AD69-57D0A5FD4E62}
		{83C01E33-7647-4653-AD09-588B3D42DE33} = {150B50A9-3A2C-414A-AD69-57D0A5FD4E62}
		{1422D9E3-CCB2-4B1A-8FA9-8F6F9D3D086E} = {818E05C7-77E3-4204-B8F5-5625632485B7}
		{28CB6B51-CA2B-4682-A22A-AC4C5E235298} = {1422D9E3-CCB2-4B1A-8FA9-8F6F9D3D086E}
		{4EC91CA1-0B24-4E61-8E50-B47A908BB503} = {818E05C7-77E3-4204-B8F5-5625632485B7}
		{8DB2CD96-54CE-42CC-A955-5C9606BBAEA0} = {818E05C7-77E3-4204-B8F5-5625632485B7}
		{BA151819-5473-42F0-8048-DCECB96C3080} = {8DB2CD96-54CE-42CC-A955-5C9606BBAEA0}
	EndGlobalSection
	GlobalSection(ExtensibilityGlobals) = postSolution
		SolutionGuid = {3FD1BF0E-4843-492B-86DF-E06C89C020A5}
	EndGlobalSection
EndGlobal
