
Microsoft Visual Studio Solution File, Format Version 12.00
# Visual Studio Version 17
VisualStudioVersion = 17.6.33815.320
MinimumVisualStudioVersion = 10.0.40219.1
Project("{9A19103F-16F7-4668-BE54-9A1E7A4F7556}") = "E_Commerce_API", "E_Commerce_API\E_Commerce_API.csproj", "{9216580E-D9DF-446E-864F-FD93B43F71D1}"
EndProject
Project("{9A19103F-16F7-4668-BE54-9A1E7A4F7556}") = "E_Commerce_Entity", "E_Commerce_Entity\E_Commerce_Entity.csproj", "{98A31090-1D93-44D9-AED6-29A10067E2DC}"
EndProject
Project("{9A19103F-16F7-4668-BE54-9A1E7A4F7556}") = "E_Commerce_DataAccess", "E_Commerce_DataAccess\E_Commerce_DataAccess.csproj", "{785F92DB-150F-4EF7-B053-9C8A69F6C0E4}"
EndProject
Project("{9A19103F-16F7-4668-BE54-9A1E7A4F7556}") = "E_Commerce_Core", "E_Commerce_Core\E_Commerce_Core.csproj", "{4DB4CBA7-8009-45ED-B39D-1E8793825BCE}"
EndProject
Project("{9A19103F-16F7-4668-BE54-9A1E7A4F7556}") = "E_Commerce_Business", "E_Commerce_Business\E_Commerce_Business.csproj", "{060E6C52-CFEB-415A-A88F-E8C5FF046DBE}"
EndProject
Project("{2150E333-8FDC-42A3-9474-1A3956D46DE8}") = "MicroServices", "MicroServices", "{DD6D63C6-1BD0-42A3-AE8A-1532CF73C0BA}"
EndProject
Project("{2150E333-8FDC-42A3-9474-1A3956D46DE8}") = "ProductService", "ProductService", "{E25327DF-4B91-4B2C-B838-6614AFA67F6B}"
EndProject
Project("{2150E333-8FDC-42A3-9474-1A3956D46DE8}") = "CategoryService", "CategoryService", "{A5FCBA82-B569-427E-911D-8028927D2CC0}"
EndProject
Project("{9A19103F-16F7-4668-BE54-9A1E7A4F7556}") = "API_Gateway", "API_Gateway\API_Gateway.csproj", "{BB50FB22-4519-4A4F-BC1A-B56364A26637}"
EndProject
Project("{FAE04EC0-301F-11D3-BF4B-00C04F79EFBC}") = "Category.Domain", "Category.Domain\Category.Domain.csproj", "{9D0FFB66-40F7-4D6C-B9D2-415D6B95308F}"
EndProject
Project("{FAE04EC0-301F-11D3-BF4B-00C04F79EFBC}") = "Category.Infastructure", "Category.Infastructure\Category.Infastructure.csproj", "{3FD63BB0-0ABE-429A-AA4E-8FE8F1C4D65A}"
EndProject
Project("{FAE04EC0-301F-11D3-BF4B-00C04F79EFBC}") = "Category.API", "Category.API\Category.API.csproj", "{EF43819A-ADDC-4245-AB4A-D0CAC25DD200}"
EndProject
Project("{FAE04EC0-301F-11D3-BF4B-00C04F79EFBC}") = "Product.Domain", "Product.Domain\Product.Domain.csproj", "{FF062A4A-923A-41D1-B081-52AF702EA463}"
EndProject
Project("{FAE04EC0-301F-11D3-BF4B-00C04F79EFBC}") = "Product.Infastructure", "Product.Infastructure\Product.Infastructure.csproj", "{0D050A7F-7F99-4B66-B90D-1CD2FF198A52}"
EndProject
Project("{FAE04EC0-301F-11D3-BF4B-00C04F79EFBC}") = "Product.API", "Product.API\Product.API.csproj", "{7EF82AC0-DC17-4859-A7A7-0ED076EBB674}"
EndProject
Global
	GlobalSection(SolutionConfigurationPlatforms) = preSolution
		Debug|Any CPU = Debug|Any CPU
		Release|Any CPU = Release|Any CPU
	EndGlobalSection
	GlobalSection(ProjectConfigurationPlatforms) = postSolution
		{9216580E-D9DF-446E-864F-FD93B43F71D1}.Debug|Any CPU.ActiveCfg = Debug|Any CPU
		{9216580E-D9DF-446E-864F-FD93B43F71D1}.Debug|Any CPU.Build.0 = Debug|Any CPU
		{9216580E-D9DF-446E-864F-FD93B43F71D1}.Release|Any CPU.ActiveCfg = Release|Any CPU
		{9216580E-D9DF-446E-864F-FD93B43F71D1}.Release|Any CPU.Build.0 = Release|Any CPU
		{98A31090-1D93-44D9-AED6-29A10067E2DC}.Debug|Any CPU.ActiveCfg = Debug|Any CPU
		{98A31090-1D93-44D9-AED6-29A10067E2DC}.Debug|Any CPU.Build.0 = Debug|Any CPU
		{98A31090-1D93-44D9-AED6-29A10067E2DC}.Release|Any CPU.ActiveCfg = Release|Any CPU
		{98A31090-1D93-44D9-AED6-29A10067E2DC}.Release|Any CPU.Build.0 = Release|Any CPU
		{785F92DB-150F-4EF7-B053-9C8A69F6C0E4}.Debug|Any CPU.ActiveCfg = Debug|Any CPU
		{785F92DB-150F-4EF7-B053-9C8A69F6C0E4}.Debug|Any CPU.Build.0 = Debug|Any CPU
		{785F92DB-150F-4EF7-B053-9C8A69F6C0E4}.Release|Any CPU.ActiveCfg = Release|Any CPU
		{785F92DB-150F-4EF7-B053-9C8A69F6C0E4}.Release|Any CPU.Build.0 = Release|Any CPU
		{4DB4CBA7-8009-45ED-B39D-1E8793825BCE}.Debug|Any CPU.ActiveCfg = Debug|Any CPU
		{4DB4CBA7-8009-45ED-B39D-1E8793825BCE}.Debug|Any CPU.Build.0 = Debug|Any CPU
		{4DB4CBA7-8009-45ED-B39D-1E8793825BCE}.Release|Any CPU.ActiveCfg = Release|Any CPU
		{4DB4CBA7-8009-45ED-B39D-1E8793825BCE}.Release|Any CPU.Build.0 = Release|Any CPU
		{060E6C52-CFEB-415A-A88F-E8C5FF046DBE}.Debug|Any CPU.ActiveCfg = Debug|Any CPU
		{060E6C52-CFEB-415A-A88F-E8C5FF046DBE}.Debug|Any CPU.Build.0 = Debug|Any CPU
		{060E6C52-CFEB-415A-A88F-E8C5FF046DBE}.Release|Any CPU.ActiveCfg = Release|Any CPU
		{060E6C52-CFEB-415A-A88F-E8C5FF046DBE}.Release|Any CPU.Build.0 = Release|Any CPU
		{BB50FB22-4519-4A4F-BC1A-B56364A26637}.Debug|Any CPU.ActiveCfg = Debug|Any CPU
		{BB50FB22-4519-4A4F-BC1A-B56364A26637}.Debug|Any CPU.Build.0 = Debug|Any CPU
		{BB50FB22-4519-4A4F-BC1A-B56364A26637}.Release|Any CPU.ActiveCfg = Release|Any CPU
		{BB50FB22-4519-4A4F-BC1A-B56364A26637}.Release|Any CPU.Build.0 = Release|Any CPU
		{9D0FFB66-40F7-4D6C-B9D2-415D6B95308F}.Debug|Any CPU.ActiveCfg = Debug|Any CPU
		{9D0FFB66-40F7-4D6C-B9D2-415D6B95308F}.Debug|Any CPU.Build.0 = Debug|Any CPU
		{9D0FFB66-40F7-4D6C-B9D2-415D6B95308F}.Release|Any CPU.ActiveCfg = Release|Any CPU
		{9D0FFB66-40F7-4D6C-B9D2-415D6B95308F}.Release|Any CPU.Build.0 = Release|Any CPU
		{3FD63BB0-0ABE-429A-AA4E-8FE8F1C4D65A}.Debug|Any CPU.ActiveCfg = Debug|Any CPU
		{3FD63BB0-0ABE-429A-AA4E-8FE8F1C4D65A}.Debug|Any CPU.Build.0 = Debug|Any CPU
		{3FD63BB0-0ABE-429A-AA4E-8FE8F1C4D65A}.Release|Any CPU.ActiveCfg = Release|Any CPU
		{3FD63BB0-0ABE-429A-AA4E-8FE8F1C4D65A}.Release|Any CPU.Build.0 = Release|Any CPU
		{EF43819A-ADDC-4245-AB4A-D0CAC25DD200}.Debug|Any CPU.ActiveCfg = Debug|Any CPU
		{EF43819A-ADDC-4245-AB4A-D0CAC25DD200}.Debug|Any CPU.Build.0 = Debug|Any CPU
		{EF43819A-ADDC-4245-AB4A-D0CAC25DD200}.Release|Any CPU.ActiveCfg = Release|Any CPU
		{EF43819A-ADDC-4245-AB4A-D0CAC25DD200}.Release|Any CPU.Build.0 = Release|Any CPU
		{FF062A4A-923A-41D1-B081-52AF702EA463}.Debug|Any CPU.ActiveCfg = Debug|Any CPU
		{FF062A4A-923A-41D1-B081-52AF702EA463}.Debug|Any CPU.Build.0 = Debug|Any CPU
		{FF062A4A-923A-41D1-B081-52AF702EA463}.Release|Any CPU.ActiveCfg = Release|Any CPU
		{FF062A4A-923A-41D1-B081-52AF702EA463}.Release|Any CPU.Build.0 = Release|Any CPU
		{0D050A7F-7F99-4B66-B90D-1CD2FF198A52}.Debug|Any CPU.ActiveCfg = Debug|Any CPU
		{0D050A7F-7F99-4B66-B90D-1CD2FF198A52}.Debug|Any CPU.Build.0 = Debug|Any CPU
		{0D050A7F-7F99-4B66-B90D-1CD2FF198A52}.Release|Any CPU.ActiveCfg = Release|Any CPU
		{0D050A7F-7F99-4B66-B90D-1CD2FF198A52}.Release|Any CPU.Build.0 = Release|Any CPU
		{7EF82AC0-DC17-4859-A7A7-0ED076EBB674}.Debug|Any CPU.ActiveCfg = Debug|Any CPU
		{7EF82AC0-DC17-4859-A7A7-0ED076EBB674}.Debug|Any CPU.Build.0 = Debug|Any CPU
		{7EF82AC0-DC17-4859-A7A7-0ED076EBB674}.Release|Any CPU.ActiveCfg = Release|Any CPU
		{7EF82AC0-DC17-4859-A7A7-0ED076EBB674}.Release|Any CPU.Build.0 = Release|Any CPU
	EndGlobalSection
	GlobalSection(SolutionProperties) = preSolution
		HideSolutionNode = FALSE
	EndGlobalSection
	GlobalSection(NestedProjects) = preSolution
		{E25327DF-4B91-4B2C-B838-6614AFA67F6B} = {DD6D63C6-1BD0-42A3-AE8A-1532CF73C0BA}
		{A5FCBA82-B569-427E-911D-8028927D2CC0} = {DD6D63C6-1BD0-42A3-AE8A-1532CF73C0BA}
		{BB50FB22-4519-4A4F-BC1A-B56364A26637} = {DD6D63C6-1BD0-42A3-AE8A-1532CF73C0BA}
		{9D0FFB66-40F7-4D6C-B9D2-415D6B95308F} = {A5FCBA82-B569-427E-911D-8028927D2CC0}
		{3FD63BB0-0ABE-429A-AA4E-8FE8F1C4D65A} = {A5FCBA82-B569-427E-911D-8028927D2CC0}
		{EF43819A-ADDC-4245-AB4A-D0CAC25DD200} = {A5FCBA82-B569-427E-911D-8028927D2CC0}
		{FF062A4A-923A-41D1-B081-52AF702EA463} = {E25327DF-4B91-4B2C-B838-6614AFA67F6B}
		{0D050A7F-7F99-4B66-B90D-1CD2FF198A52} = {E25327DF-4B91-4B2C-B838-6614AFA67F6B}
		{7EF82AC0-DC17-4859-A7A7-0ED076EBB674} = {E25327DF-4B91-4B2C-B838-6614AFA67F6B}
	EndGlobalSection
	GlobalSection(ExtensibilityGlobals) = postSolution
		SolutionGuid = {3FD1BF0E-4843-492B-86DF-E06C89C020A5}
	EndGlobalSection
EndGlobal
